PODS:
  - Swiftilities (0.16.0):
    - Swiftilities/All (= 0.16.0)
  - Swiftilities/AboutView (0.16.0)
  - Swiftilities/AccessibilityHelpers (0.16.0)
  - Swiftilities/Acknowledgements (0.16.0):
    - Swiftilities/Deselection
    - Swiftilities/LicenseFormatter
  - Swiftilities/All (0.16.0):
    - Swiftilities/AboutView
    - Swiftilities/AccessibilityHelpers
    - Swiftilities/Acknowledgements
    - Swiftilities/BetterButton
    - Swiftilities/ColorHelpers
    - Swiftilities/CoreDataStack
    - Swiftilities/Deselection
    - Swiftilities/DeviceSize
    - Swiftilities/FormattedTextField
    - Swiftilities/Forms
    - Swiftilities/HairlineView
    - Swiftilities/ImageHelpers
    - Swiftilities/Keyboard
    - Swiftilities/LicenseFormatter
    - Swiftilities/Lifecycle
    - Swiftilities/Logging
    - Swiftilities/Math
    - Swiftilities/RootViewController
    - Swiftilities/Shapes
    - Swiftilities/StackViewHelpers
    - Swiftilities/TableViewHelpers
    - Swiftilities/TintedButton
    - Swiftilities/Views
  - Swiftilities/BetterButton (0.16.0):
    - Swiftilities/ColorHelpers
    - Swiftilities/ImageHelpers
    - Swiftilities/Math
    - Swiftilities/Shapes
  - Swiftilities/ColorHelpers (0.16.0)
  - Swiftilities/CoreDataStack (0.16.0)
  - Swiftilities/Deselection (0.16.0)
  - Swiftilities/DeviceSize (0.16.0)
  - Swiftilities/FormattedTextField (0.16.0)
  - Swiftilities/Forms (0.16.0)
  - Swiftilities/HairlineView (0.16.0)
  - Swiftilities/ImageHelpers (0.16.0)
  - Swiftilities/Keyboard (0.16.0)
  - Swiftilities/LicenseFormatter (0.16.0)
  - Swiftilities/Lifecycle (0.16.0):
    - Swiftilities/HairlineView
    - Swiftilities/Math
  - Swiftilities/Logging (0.16.0)
  - Swiftilities/Math (0.16.0)
  - Swiftilities/RootViewController (0.16.0)
  - Swiftilities/Shapes (0.16.0)
  - Swiftilities/StackViewHelpers (0.16.0)
  - Swiftilities/TableViewHelpers (0.16.0)
  - Swiftilities/TintedButton (0.16.0)
  - Swiftilities/Views (0.16.0)

DEPENDENCIES:
  - Swiftilities (from `../`)

EXTERNAL SOURCES:
  Swiftilities:
    :path: ../

SPEC CHECKSUMS:
  Swiftilities: c4f2508701ce99b758c7bbdd2a4d03082b17c4b2

PODFILE CHECKSUM: b1d3049f81e75c3304f48a3fb9386cc1458c9549

COCOAPODS: 1.4.0
