PODS:
  - Swiftilities (0.13.0):
    - Swiftilities/All (= 0.13.0)
  - Swiftilities/AboutView (0.13.0)
  - Swiftilities/AccessibilityHelpers (0.13.0)
  - Swiftilities/Acknowledgements (0.13.0):
    - Swiftilities/Deselection
    - Swiftilities/LicenseFormatter
  - Swiftilities/All (0.13.0):
    - Swiftilities/AboutView
    - Swiftilities/AccessibilityHelpers
    - Swiftilities/Acknowledgements
    - Swiftilities/ColorHelpers
    - Swiftilities/CoreDataStack
    - Swiftilities/Deselection
    - Swiftilities/DeviceSize
    - Swiftilities/FormattedTextField
    - Swiftilities/Forms
    - Swiftilities/HairlineView
    - Swiftilities/Keyboard
    - Swiftilities/LicenseFormatter
    - Swiftilities/Lifecycle
    - Swiftilities/Logging
    - Swiftilities/Math
    - Swiftilities/RootViewController
    - Swiftilities/StackViewHelpers
    - Swiftilities/TableViewHelpers
    - Swiftilities/TintedButton
    - Swiftilities/Views
  - Swiftilities/ColorHelpers (0.13.0)
  - Swiftilities/CoreDataStack (0.13.0)
  - Swiftilities/Deselection (0.13.0)
  - Swiftilities/DeviceSize (0.13.0)
  - Swiftilities/FormattedTextField (0.13.0)
  - Swiftilities/Forms (0.13.0)
  - Swiftilities/HairlineView (0.13.0)
  - Swiftilities/Keyboard (0.13.0)
  - Swiftilities/LicenseFormatter (0.13.0)
  - Swiftilities/Lifecycle (0.13.0):
    - Swiftilities/HairlineView
    - Swiftilities/Math
  - Swiftilities/Logging (0.13.0)
  - Swiftilities/Math (0.13.0)
  - Swiftilities/RootViewController (0.13.0)
  - Swiftilities/StackViewHelpers (0.13.0)
  - Swiftilities/TableViewHelpers (0.13.0)
  - Swiftilities/TintedButton (0.13.0)
  - Swiftilities/Views (0.13.0)

DEPENDENCIES:
  - Swiftilities (from `../`)

EXTERNAL SOURCES:
  Swiftilities:
    :path: ../

SPEC CHECKSUMS:
  Swiftilities: 6564e667c504d507c73c1bcef04fca5b3d8509b0

PODFILE CHECKSUM: b1d3049f81e75c3304f48a3fb9386cc1458c9549

COCOAPODS: 1.2.1
