// !$*UTF8*$!
{
	archiveVersion = 1;
	classes = {
	};
	objectVersion = 52;
	objects = {

/* Begin PBXBuildFile section */
		0050C1C21ED889C800665F74 /* NavBarTitleTransitionDemoViewController.swift in Sources */ = {isa = PBXBuildFile; fileRef = 0050C1C11ED889C800665F74 /* NavBarTitleTransitionDemoViewController.swift */; };
		0050C1C41ED8A68F00665F74 /* NavBarHairlineFadeDemoViewController.swift in Sources */ = {isa = PBXBuildFile; fileRef = 0050C1C31ED8A68F00665F74 /* NavBarHairlineFadeDemoViewController.swift */; };
		0050C1C61EDDA02700665F74 /* LifecycleBehaviorsListViewController.swift in Sources */ = {isa = PBXBuildFile; fileRef = 0050C1C51EDDA02700665F74 /* LifecycleBehaviorsListViewController.swift */; };
		04CD173B1AB7C4F6286F8FA1 /* Pods_Swiftilities_Example.framework in Frameworks */ = {isa = PBXBuildFile; fileRef = 849AC9425E95C2FF6F694A7F /* Pods_Swiftilities_Example.framework */; };
		2340A5BD1E8CC67A00572417 /* TestModel.xcdatamodeld in Sources */ = {isa = PBXBuildFile; fileRef = 2340A5BA1E8CC3B500572417 /* TestModel.xcdatamodeld */; };
		521859AF265EF84E00C819D3 /* ValidatorTests.swift in Sources */ = {isa = PBXBuildFile; fileRef = CD74F57D1E2FC4D3005E59FF /* ValidatorTests.swift */; };
		521859B0265EF84E00C819D3 /* LicenseFormatterTests.swift in Sources */ = {isa = PBXBuildFile; fileRef = CDF471521DDFB20100D4D5A2 /* LicenseFormatterTests.swift */; };
		521859B1265EF84E00C819D3 /* TestModel.xcdatamodeld in Sources */ = {isa = PBXBuildFile; fileRef = 2340A5BA1E8CC3B500572417 /* TestModel.xcdatamodeld */; };
		521859B2265EF84E00C819D3 /* RootViewControllerTests.swift in Sources */ = {isa = PBXBuildFile; fileRef = 72E281A61E5DDE59000D0C9D /* RootViewControllerTests.swift */; };
		521859B3265EF84E00C819D3 /* TableViewHelperTests.swift in Sources */ = {isa = PBXBuildFile; fileRef = CDCBBA9C1EA7D95D00610F47 /* TableViewHelperTests.swift */; };
		521859B4265EF84E00C819D3 /* LogTests.swift in Sources */ = {isa = PBXBuildFile; fileRef = CDF3429D1EA02B5100E6328B /* LogTests.swift */; };
		521859B5265EF84E00C819D3 /* MathTests.swift in Sources */ = {isa = PBXBuildFile; fileRef = CD32DE731CEA1EC600FC0C7E /* MathTests.swift */; };
		521859B6265EF84E00C819D3 /* CoreDataStackTests.swift in Sources */ = {isa = PBXBuildFile; fileRef = D98569CA23E8C54D007EF367 /* CoreDataStackTests.swift */; };
		521859B8265EF84E00C819D3 /* Pods_Swiftilities_Tests.framework in Frameworks */ = {isa = PBXBuildFile; fileRef = F294762325B4901AA48D27B1 /* Pods_Swiftilities_Tests.framework */; };
		722099011E5F46EE0098229D /* Main.storyboard in Resources */ = {isa = PBXBuildFile; fileRef = 722098FF1E5F46EE0098229D /* Main.storyboard */; };
		722099061E5F470D0098229D /* LaunchScreen.xib in Resources */ = {isa = PBXBuildFile; fileRef = 722099031E5F470D0098229D /* LaunchScreen.xib */; };
		722099071E5F470D0098229D /* Images.xcassets in Resources */ = {isa = PBXBuildFile; fileRef = 722099051E5F470D0098229D /* Images.xcassets */; };
		7220990A1E5F471F0098229D /* AppDelegate.swift in Sources */ = {isa = PBXBuildFile; fileRef = 722099091E5F471F0098229D /* AppDelegate.swift */; };
		722099131E5F47690098229D /* KeyboardAvoidanceViewController.swift in Sources */ = {isa = PBXBuildFile; fileRef = 7220990C1E5F47690098229D /* KeyboardAvoidanceViewController.swift */; };
		722099141E5F47690098229D /* MainScreenViewController.swift in Sources */ = {isa = PBXBuildFile; fileRef = 7220990E1E5F47690098229D /* MainScreenViewController.swift */; };
		722099151E5F47690098229D /* TextFormattingViewController.swift in Sources */ = {isa = PBXBuildFile; fileRef = 722099101E5F47690098229D /* TextFormattingViewController.swift */; };
		722099161E5F47690098229D /* TintedButtonsViewController.swift in Sources */ = {isa = PBXBuildFile; fileRef = 722099121E5F47690098229D /* TintedButtonsViewController.swift */; };
		722099201E5F706B0098229D /* LogAppearanceBehavior.swift in Sources */ = {isa = PBXBuildFile; fileRef = 7220991F1E5F706B0098229D /* LogAppearanceBehavior.swift */; };
		726E5EFC1EDF5D1E00000DEE /* ButtonsViewController.swift in Sources */ = {isa = PBXBuildFile; fileRef = 726E5EFA1EDF5D1E00000DEE /* ButtonsViewController.swift */; };
		726E5EFD1EDF5D1E00000DEE /* ShapesViewController.swift in Sources */ = {isa = PBXBuildFile; fileRef = 726E5EFB1EDF5D1E00000DEE /* ShapesViewController.swift */; };
		726F86F31EB7CAC50075A1F3 /* GradientViewController.swift in Sources */ = {isa = PBXBuildFile; fileRef = 726F86F21EB7CAC50075A1F3 /* GradientViewController.swift */; };
		72D32B801DE3750D00D43933 /* Pods-Swiftilities_Example-acknowledgements.plist in Resources */ = {isa = PBXBuildFile; fileRef = 72D32B7F1DE3750D00D43933 /* Pods-Swiftilities_Example-acknowledgements.plist */; };
		72E281A71E5DDE59000D0C9D /* RootViewControllerTests.swift in Sources */ = {isa = PBXBuildFile; fileRef = 72E281A61E5DDE59000D0C9D /* RootViewControllerTests.swift */; };
		72F94C761E65F67200C6DC13 /* AboutViewController.swift in Sources */ = {isa = PBXBuildFile; fileRef = 72F94C751E65F67200C6DC13 /* AboutViewController.swift */; };
		CD32DE751CEA1ECA00FC0C7E /* MathTests.swift in Sources */ = {isa = PBXBuildFile; fileRef = CD32DE731CEA1EC600FC0C7E /* MathTests.swift */; };
		CD74F57E1E2FC4D3005E59FF /* ValidatorTests.swift in Sources */ = {isa = PBXBuildFile; fileRef = CD74F57D1E2FC4D3005E59FF /* ValidatorTests.swift */; };
		CDCBBA9D1EA7D95D00610F47 /* TableViewHelperTests.swift in Sources */ = {isa = PBXBuildFile; fileRef = CDCBBA9C1EA7D95D00610F47 /* TableViewHelperTests.swift */; };
		CDF3429E1EA02B5100E6328B /* LogTests.swift in Sources */ = {isa = PBXBuildFile; fileRef = CDF3429D1EA02B5100E6328B /* LogTests.swift */; };
		CDF471541DDFB2EB00D4D5A2 /* LicenseFormatterTests.swift in Sources */ = {isa = PBXBuildFile; fileRef = CDF471521DDFB20100D4D5A2 /* LicenseFormatterTests.swift */; };
		D98569CB23E8C54D007EF367 /* CoreDataStackTests.swift in Sources */ = {isa = PBXBuildFile; fileRef = D98569CA23E8C54D007EF367 /* CoreDataStackTests.swift */; };
		DE5A450412725B332FEFDD30 /* Pods_Swiftilities_Tests.framework in Frameworks */ = {isa = PBXBuildFile; fileRef = F294762325B4901AA48D27B1 /* Pods_Swiftilities_Tests.framework */; };
/* End PBXBuildFile section */

/* Begin PBXContainerItemProxy section */
		521859AC265EF84E00C819D3 /* PBXContainerItemProxy */ = {
			isa = PBXContainerItemProxy;
			containerPortal = 607FACC81AFB9204008FA782 /* Project object */;
			proxyType = 1;
			remoteGlobalIDString = 607FACCF1AFB9204008FA782;
			remoteInfo = Swiftilities_Example;
		};
		D909A58020DAE3E7007BCA07 /* PBXContainerItemProxy */ = {
			isa = PBXContainerItemProxy;
			containerPortal = 607FACC81AFB9204008FA782 /* Project object */;
			proxyType = 1;
			remoteGlobalIDString = 607FACCF1AFB9204008FA782;
			remoteInfo = Swiftilities_Example;
		};
/* End PBXContainerItemProxy section */

/* Begin PBXFileReference section */
		0050C1C11ED889C800665F74 /* NavBarTitleTransitionDemoViewController.swift */ = {isa = PBXFileReference; fileEncoding = 4; lastKnownFileType = sourcecode.swift; path = NavBarTitleTransitionDemoViewController.swift; sourceTree = "<group>"; };
		0050C1C31ED8A68F00665F74 /* NavBarHairlineFadeDemoViewController.swift */ = {isa = PBXFileReference; fileEncoding = 4; lastKnownFileType = sourcecode.swift; path = NavBarHairlineFadeDemoViewController.swift; sourceTree = "<group>"; };
		0050C1C51EDDA02700665F74 /* LifecycleBehaviorsListViewController.swift */ = {isa = PBXFileReference; fileEncoding = 4; lastKnownFileType = sourcecode.swift; path = LifecycleBehaviorsListViewController.swift; sourceTree = "<group>"; };
		2340A5BB1E8CC3B500572417 /* TestModel.xcdatamodel */ = {isa = PBXFileReference; lastKnownFileType = wrapper.xcdatamodel; path = TestModel.xcdatamodel; sourceTree = "<group>"; };
		3ED95507725D28046957F181 /* Pods-Swiftilities_Tests.debug.xcconfig */ = {isa = PBXFileReference; includeInIndex = 1; lastKnownFileType = text.xcconfig; name = "Pods-Swiftilities_Tests.debug.xcconfig"; path = "Pods/Target Support Files/Pods-Swiftilities_Tests/Pods-Swiftilities_Tests.debug.xcconfig"; sourceTree = "<group>"; };
		521859BE265EF84E00C819D3 /* Swiftilities_Tests_Latest.xctest */ = {isa = PBXFileReference; explicitFileType = wrapper.cfbundle; includeInIndex = 0; path = Swiftilities_Tests_Latest.xctest; sourceTree = BUILT_PRODUCTS_DIR; };
		5524B820B7943401CC253A04 /* README.md */ = {isa = PBXFileReference; includeInIndex = 1; lastKnownFileType = net.daringfireball.markdown; name = README.md; path = ../README.md; sourceTree = "<group>"; };
		563BE12C99CEF6CB9AB591A4 /* Swiftilities.podspec */ = {isa = PBXFileReference; includeInIndex = 1; lastKnownFileType = text; name = Swiftilities.podspec; path = ../Swiftilities.podspec; sourceTree = "<group>"; };
		607FACD01AFB9204008FA782 /* Swiftilities_Example.app */ = {isa = PBXFileReference; explicitFileType = wrapper.application; includeInIndex = 0; path = Swiftilities_Example.app; sourceTree = BUILT_PRODUCTS_DIR; };
		607FACD41AFB9204008FA782 /* Info.plist */ = {isa = PBXFileReference; lastKnownFileType = text.plist.xml; path = Info.plist; sourceTree = "<group>"; };
		607FACE51AFB9204008FA782 /* Swiftilities_Tests.xctest */ = {isa = PBXFileReference; explicitFileType = wrapper.cfbundle; includeInIndex = 0; path = Swiftilities_Tests.xctest; sourceTree = BUILT_PRODUCTS_DIR; };
		607FACEA1AFB9204008FA782 /* Info.plist */ = {isa = PBXFileReference; lastKnownFileType = text.plist.xml; path = Info.plist; sourceTree = "<group>"; };
		722099001E5F46EE0098229D /* Base */ = {isa = PBXFileReference; lastKnownFileType = file.storyboard; name = Base; path = Base.lproj/Main.storyboard; sourceTree = "<group>"; };
		722099041E5F470D0098229D /* Base */ = {isa = PBXFileReference; lastKnownFileType = file.xib; name = Base; path = Base.lproj/LaunchScreen.xib; sourceTree = "<group>"; };
		722099051E5F470D0098229D /* Images.xcassets */ = {isa = PBXFileReference; lastKnownFileType = folder.assetcatalog; path = Images.xcassets; sourceTree = "<group>"; };
		722099091E5F471F0098229D /* AppDelegate.swift */ = {isa = PBXFileReference; fileEncoding = 4; lastKnownFileType = sourcecode.swift; path = AppDelegate.swift; sourceTree = "<group>"; };
		7220990C1E5F47690098229D /* KeyboardAvoidanceViewController.swift */ = {isa = PBXFileReference; fileEncoding = 4; lastKnownFileType = sourcecode.swift; path = KeyboardAvoidanceViewController.swift; sourceTree = "<group>"; };
		7220990E1E5F47690098229D /* MainScreenViewController.swift */ = {isa = PBXFileReference; fileEncoding = 4; lastKnownFileType = sourcecode.swift; path = MainScreenViewController.swift; sourceTree = "<group>"; };
		722099101E5F47690098229D /* TextFormattingViewController.swift */ = {isa = PBXFileReference; fileEncoding = 4; lastKnownFileType = sourcecode.swift; path = TextFormattingViewController.swift; sourceTree = "<group>"; };
		722099121E5F47690098229D /* TintedButtonsViewController.swift */ = {isa = PBXFileReference; fileEncoding = 4; lastKnownFileType = sourcecode.swift; path = TintedButtonsViewController.swift; sourceTree = "<group>"; };
		7220991F1E5F706B0098229D /* LogAppearanceBehavior.swift */ = {isa = PBXFileReference; fileEncoding = 4; lastKnownFileType = sourcecode.swift; path = LogAppearanceBehavior.swift; sourceTree = "<group>"; };
		726E5EFA1EDF5D1E00000DEE /* ButtonsViewController.swift */ = {isa = PBXFileReference; fileEncoding = 4; lastKnownFileType = sourcecode.swift; path = ButtonsViewController.swift; sourceTree = "<group>"; };
		726E5EFB1EDF5D1E00000DEE /* ShapesViewController.swift */ = {isa = PBXFileReference; fileEncoding = 4; lastKnownFileType = sourcecode.swift; path = ShapesViewController.swift; sourceTree = "<group>"; };
		726F86F21EB7CAC50075A1F3 /* GradientViewController.swift */ = {isa = PBXFileReference; fileEncoding = 4; lastKnownFileType = sourcecode.swift; path = GradientViewController.swift; sourceTree = "<group>"; };
		72D32B7F1DE3750D00D43933 /* Pods-Swiftilities_Example-acknowledgements.plist */ = {isa = PBXFileReference; lastKnownFileType = text.plist.xml; name = "Pods-Swiftilities_Example-acknowledgements.plist"; path = "Pods/Target Support Files/Pods-Swiftilities_Example/Pods-Swiftilities_Example-acknowledgements.plist"; sourceTree = "<group>"; };
		72E281A61E5DDE59000D0C9D /* RootViewControllerTests.swift */ = {isa = PBXFileReference; fileEncoding = 4; lastKnownFileType = sourcecode.swift; path = RootViewControllerTests.swift; sourceTree = "<group>"; };
		72F94C751E65F67200C6DC13 /* AboutViewController.swift */ = {isa = PBXFileReference; fileEncoding = 4; lastKnownFileType = sourcecode.swift; path = AboutViewController.swift; sourceTree = "<group>"; };
		7396494F9BA8221A6823B9D4 /* Pods-Swiftilities_Tests.release.xcconfig */ = {isa = PBXFileReference; includeInIndex = 1; lastKnownFileType = text.xcconfig; name = "Pods-Swiftilities_Tests.release.xcconfig"; path = "Pods/Target Support Files/Pods-Swiftilities_Tests/Pods-Swiftilities_Tests.release.xcconfig"; sourceTree = "<group>"; };
		849AC9425E95C2FF6F694A7F /* Pods_Swiftilities_Example.framework */ = {isa = PBXFileReference; explicitFileType = wrapper.framework; includeInIndex = 0; path = Pods_Swiftilities_Example.framework; sourceTree = BUILT_PRODUCTS_DIR; };
		8627BD5B9862F25C77AEF3CC /* LICENSE */ = {isa = PBXFileReference; includeInIndex = 1; lastKnownFileType = text; name = LICENSE; path = ../LICENSE; sourceTree = "<group>"; };
		924C5184A5C0F6DB0F5D4FBA /* Pods-Swiftilities_Example.debug.xcconfig */ = {isa = PBXFileReference; includeInIndex = 1; lastKnownFileType = text.xcconfig; name = "Pods-Swiftilities_Example.debug.xcconfig"; path = "Pods/Target Support Files/Pods-Swiftilities_Example/Pods-Swiftilities_Example.debug.xcconfig"; sourceTree = "<group>"; };
		976D290FB4A827B6C10F7501 /* Pods-Swiftilities_Example.release.xcconfig */ = {isa = PBXFileReference; includeInIndex = 1; lastKnownFileType = text.xcconfig; name = "Pods-Swiftilities_Example.release.xcconfig"; path = "Pods/Target Support Files/Pods-Swiftilities_Example/Pods-Swiftilities_Example.release.xcconfig"; sourceTree = "<group>"; };
		CD32DE731CEA1EC600FC0C7E /* MathTests.swift */ = {isa = PBXFileReference; fileEncoding = 4; lastKnownFileType = sourcecode.swift; path = MathTests.swift; sourceTree = "<group>"; };
		CD74F57D1E2FC4D3005E59FF /* ValidatorTests.swift */ = {isa = PBXFileReference; fileEncoding = 4; lastKnownFileType = sourcecode.swift; path = ValidatorTests.swift; sourceTree = "<group>"; };
		CDCBBA9C1EA7D95D00610F47 /* TableViewHelperTests.swift */ = {isa = PBXFileReference; fileEncoding = 4; lastKnownFileType = sourcecode.swift; path = TableViewHelperTests.swift; sourceTree = "<group>"; };
		CDF3429D1EA02B5100E6328B /* LogTests.swift */ = {isa = PBXFileReference; fileEncoding = 4; lastKnownFileType = sourcecode.swift; path = LogTests.swift; sourceTree = "<group>"; };
		CDF471521DDFB20100D4D5A2 /* LicenseFormatterTests.swift */ = {isa = PBXFileReference; fileEncoding = 4; lastKnownFileType = sourcecode.swift; path = LicenseFormatterTests.swift; sourceTree = "<group>"; };
		D98569CA23E8C54D007EF367 /* CoreDataStackTests.swift */ = {isa = PBXFileReference; fileEncoding = 4; lastKnownFileType = sourcecode.swift; path = CoreDataStackTests.swift; sourceTree = "<group>"; };
		F294762325B4901AA48D27B1 /* Pods_Swiftilities_Tests.framework */ = {isa = PBXFileReference; explicitFileType = wrapper.framework; includeInIndex = 0; path = Pods_Swiftilities_Tests.framework; sourceTree = BUILT_PRODUCTS_DIR; };
/* End PBXFileReference section */

/* Begin PBXFrameworksBuildPhase section */
		521859B7265EF84E00C819D3 /* Frameworks */ = {
			isa = PBXFrameworksBuildPhase;
			buildActionMask = 2147483647;
			files = (
				521859B8265EF84E00C819D3 /* Pods_Swiftilities_Tests.framework in Frameworks */,
			);
			runOnlyForDeploymentPostprocessing = 0;
		};
		607FACCD1AFB9204008FA782 /* Frameworks */ = {
			isa = PBXFrameworksBuildPhase;
			buildActionMask = 2147483647;
			files = (
				04CD173B1AB7C4F6286F8FA1 /* Pods_Swiftilities_Example.framework in Frameworks */,
			);
			runOnlyForDeploymentPostprocessing = 0;
		};
		607FACE21AFB9204008FA782 /* Frameworks */ = {
			isa = PBXFrameworksBuildPhase;
			buildActionMask = 2147483647;
			files = (
				DE5A450412725B332FEFDD30 /* Pods_Swiftilities_Tests.framework in Frameworks */,
			);
			runOnlyForDeploymentPostprocessing = 0;
		};
/* End PBXFrameworksBuildPhase section */

/* Begin PBXGroup section */
		29B6E955EAF61BE595882E45 /* Pods */ = {
			isa = PBXGroup;
			children = (
				924C5184A5C0F6DB0F5D4FBA /* Pods-Swiftilities_Example.debug.xcconfig */,
				976D290FB4A827B6C10F7501 /* Pods-Swiftilities_Example.release.xcconfig */,
				3ED95507725D28046957F181 /* Pods-Swiftilities_Tests.debug.xcconfig */,
				7396494F9BA8221A6823B9D4 /* Pods-Swiftilities_Tests.release.xcconfig */,
			);
			name = Pods;
			sourceTree = "<group>";
		};
		2B37A6093AE93BAE28E4E332 /* Frameworks */ = {
			isa = PBXGroup;
			children = (
				849AC9425E95C2FF6F694A7F /* Pods_Swiftilities_Example.framework */,
				F294762325B4901AA48D27B1 /* Pods_Swiftilities_Tests.framework */,
			);
			name = Frameworks;
			sourceTree = "<group>";
		};
		607FACC71AFB9204008FA782 = {
			isa = PBXGroup;
			children = (
				607FACF51AFB993E008FA782 /* Podspec Metadata */,
				607FACD21AFB9204008FA782 /* Example for Swiftilities */,
				607FACE81AFB9204008FA782 /* Tests */,
				607FACD11AFB9204008FA782 /* Products */,
				29B6E955EAF61BE595882E45 /* Pods */,
				2B37A6093AE93BAE28E4E332 /* Frameworks */,
			);
			sourceTree = "<group>";
		};
		607FACD11AFB9204008FA782 /* Products */ = {
			isa = PBXGroup;
			children = (
				607FACD01AFB9204008FA782 /* Swiftilities_Example.app */,
				607FACE51AFB9204008FA782 /* Swiftilities_Tests.xctest */,
				521859BE265EF84E00C819D3 /* Swiftilities_Tests_Latest.xctest */,
			);
			name = Products;
			sourceTree = "<group>";
		};
		607FACD21AFB9204008FA782 /* Example for Swiftilities */ = {
			isa = PBXGroup;
			children = (
				722099081E5F471F0098229D /* App Delegate */,
				722099021E5F470D0098229D /* Assets */,
				722098FE1E5F46EE0098229D /* Views */,
				607FACD31AFB9204008FA782 /* Supporting Files */,
			);
			name = "Example for Swiftilities";
			path = Swiftilities;
			sourceTree = "<group>";
		};
		607FACD31AFB9204008FA782 /* Supporting Files */ = {
			isa = PBXGroup;
			children = (
				607FACD41AFB9204008FA782 /* Info.plist */,
			);
			name = "Supporting Files";
			sourceTree = "<group>";
		};
		607FACE81AFB9204008FA782 /* Tests */ = {
			isa = PBXGroup;
			children = (
				D98569C923E8C54D007EF367 /* CoreDataTests */,
				CD32DE731CEA1EC600FC0C7E /* MathTests.swift */,
				CDF471521DDFB20100D4D5A2 /* LicenseFormatterTests.swift */,
				CD74F57D1E2FC4D3005E59FF /* ValidatorTests.swift */,
				607FACE91AFB9204008FA782 /* Supporting Files */,
				72E281A61E5DDE59000D0C9D /* RootViewControllerTests.swift */,
				CDCBBA9C1EA7D95D00610F47 /* TableViewHelperTests.swift */,
				CDF3429D1EA02B5100E6328B /* LogTests.swift */,
			);
			path = Tests;
			sourceTree = "<group>";
		};
		607FACE91AFB9204008FA782 /* Supporting Files */ = {
			isa = PBXGroup;
			children = (
				607FACEA1AFB9204008FA782 /* Info.plist */,
				2340A5BA1E8CC3B500572417 /* TestModel.xcdatamodeld */,
			);
			name = "Supporting Files";
			sourceTree = "<group>";
		};
		607FACF51AFB993E008FA782 /* Podspec Metadata */ = {
			isa = PBXGroup;
			children = (
				72D32B7F1DE3750D00D43933 /* Pods-Swiftilities_Example-acknowledgements.plist */,
				563BE12C99CEF6CB9AB591A4 /* Swiftilities.podspec */,
				5524B820B7943401CC253A04 /* README.md */,
				8627BD5B9862F25C77AEF3CC /* LICENSE */,
			);
			name = "Podspec Metadata";
			sourceTree = "<group>";
		};
		722098FE1E5F46EE0098229D /* Views */ = {
			isa = PBXGroup;
			children = (
				726E5EFF1EDF5D2F00000DEE /* Shapes */,
				726E5EFE1EDF5D2300000DEE /* Buttons */,
				726F86F11EB7CA930075A1F3 /* Graidient View */,
				72F94C741E65F67200C6DC13 /* About View */,
				722099171E5F47830098229D /* Lifecycle Behaviors */,
				7220990B1E5F47690098229D /* Keyboard Avoidance */,
				7220990D1E5F47690098229D /* Main */,
				7220990F1E5F47690098229D /* Text Formatting */,
				722099111E5F47690098229D /* Tinted Buttons */,
				722098FF1E5F46EE0098229D /* Main.storyboard */,
			);
			path = Views;
			sourceTree = "<group>";
		};
		722099021E5F470D0098229D /* Assets */ = {
			isa = PBXGroup;
			children = (
				722099031E5F470D0098229D /* LaunchScreen.xib */,
				722099051E5F470D0098229D /* Images.xcassets */,
			);
			path = Assets;
			sourceTree = "<group>";
		};
		722099081E5F471F0098229D /* App Delegate */ = {
			isa = PBXGroup;
			children = (
				722099091E5F471F0098229D /* AppDelegate.swift */,
			);
			path = "App Delegate";
			sourceTree = "<group>";
		};
		7220990B1E5F47690098229D /* Keyboard Avoidance */ = {
			isa = PBXGroup;
			children = (
				7220990C1E5F47690098229D /* KeyboardAvoidanceViewController.swift */,
			);
			path = "Keyboard Avoidance";
			sourceTree = "<group>";
		};
		7220990D1E5F47690098229D /* Main */ = {
			isa = PBXGroup;
			children = (
				7220990E1E5F47690098229D /* MainScreenViewController.swift */,
			);
			path = Main;
			sourceTree = "<group>";
		};
		7220990F1E5F47690098229D /* Text Formatting */ = {
			isa = PBXGroup;
			children = (
				722099101E5F47690098229D /* TextFormattingViewController.swift */,
			);
			path = "Text Formatting";
			sourceTree = "<group>";
		};
		722099111E5F47690098229D /* Tinted Buttons */ = {
			isa = PBXGroup;
			children = (
				722099121E5F47690098229D /* TintedButtonsViewController.swift */,
			);
			path = "Tinted Buttons";
			sourceTree = "<group>";
		};
		722099171E5F47830098229D /* Lifecycle Behaviors */ = {
			isa = PBXGroup;
			children = (
				7220991F1E5F706B0098229D /* LogAppearanceBehavior.swift */,
				0050C1C11ED889C800665F74 /* NavBarTitleTransitionDemoViewController.swift */,
				0050C1C31ED8A68F00665F74 /* NavBarHairlineFadeDemoViewController.swift */,
				0050C1C51EDDA02700665F74 /* LifecycleBehaviorsListViewController.swift */,
			);
			name = "Lifecycle Behaviors";
			path = Lifecycle;
			sourceTree = "<group>";
		};
		726E5EFE1EDF5D2300000DEE /* Buttons */ = {
			isa = PBXGroup;
			children = (
				726E5EFA1EDF5D1E00000DEE /* ButtonsViewController.swift */,
			);
			name = Buttons;
			sourceTree = "<group>";
		};
		726E5EFF1EDF5D2F00000DEE /* Shapes */ = {
			isa = PBXGroup;
			children = (
				726E5EFB1EDF5D1E00000DEE /* ShapesViewController.swift */,
			);
			name = Shapes;
			sourceTree = "<group>";
		};
		726F86F11EB7CA930075A1F3 /* Graidient View */ = {
			isa = PBXGroup;
			children = (
				726F86F21EB7CAC50075A1F3 /* GradientViewController.swift */,
			);
			name = "Graidient View";
			sourceTree = "<group>";
		};
		72F94C741E65F67200C6DC13 /* About View */ = {
			isa = PBXGroup;
			children = (
				72F94C751E65F67200C6DC13 /* AboutViewController.swift */,
			);
			path = "About View";
			sourceTree = "<group>";
		};
		D98569C923E8C54D007EF367 /* CoreDataTests */ = {
			isa = PBXGroup;
			children = (
				D98569CA23E8C54D007EF367 /* CoreDataStackTests.swift */,
			);
			path = CoreDataTests;
			sourceTree = SOURCE_ROOT;
		};
/* End PBXGroup section */

/* Begin PBXNativeTarget section */
		521859AA265EF84E00C819D3 /* Swiftilities_Tests_Latest */ = {
			isa = PBXNativeTarget;
			buildConfigurationList = 521859BB265EF84E00C819D3 /* Build configuration list for PBXNativeTarget "Swiftilities_Tests_Latest" */;
			buildPhases = (
				521859AD265EF84E00C819D3 /* [CP] Check Pods Manifest.lock */,
				521859AE265EF84E00C819D3 /* Sources */,
				521859B7265EF84E00C819D3 /* Frameworks */,
				521859B9265EF84E00C819D3 /* Resources */,
				521859BA265EF84E00C819D3 /* [CP] Embed Pods Frameworks */,
			);
			buildRules = (
			);
			dependencies = (
				521859AB265EF84E00C819D3 /* PBXTargetDependency */,
			);
			name = Swiftilities_Tests_Latest;
			productName = Tests;
			productReference = 521859BE265EF84E00C819D3 /* Swiftilities_Tests_Latest.xctest */;
			productType = "com.apple.product-type.bundle.unit-test";
		};
		607FACCF1AFB9204008FA782 /* Swiftilities_Example */ = {
			isa = PBXNativeTarget;
			buildConfigurationList = 607FACEF1AFB9204008FA782 /* Build configuration list for PBXNativeTarget "Swiftilities_Example" */;
			buildPhases = (
				662F65D4D4E8DC340A9997D2 /* [CP] Check Pods Manifest.lock */,
				72B69E871DE4B32900272BC1 /* Swiftlint */,
				607FACCC1AFB9204008FA782 /* Sources */,
				607FACCD1AFB9204008FA782 /* Frameworks */,
				607FACCE1AFB9204008FA782 /* Resources */,
				2012A5ECC4F1E6CFC2C37AA7 /* [CP] Embed Pods Frameworks */,
			);
			buildRules = (
			);
			dependencies = (
			);
			name = Swiftilities_Example;
			productName = Swiftilities;
			productReference = 607FACD01AFB9204008FA782 /* Swiftilities_Example.app */;
			productType = "com.apple.product-type.application";
		};
		607FACE41AFB9204008FA782 /* Swiftilities_Tests */ = {
			isa = PBXNativeTarget;
			buildConfigurationList = 607FACF21AFB9204008FA782 /* Build configuration list for PBXNativeTarget "Swiftilities_Tests" */;
			buildPhases = (
				EB9D5FB0A6A6DEC4C215FFB0 /* [CP] Check Pods Manifest.lock */,
				607FACE11AFB9204008FA782 /* Sources */,
				607FACE21AFB9204008FA782 /* Frameworks */,
				607FACE31AFB9204008FA782 /* Resources */,
				6E43FA97294026E15EBA3C62 /* [CP] Embed Pods Frameworks */,
			);
			buildRules = (
			);
			dependencies = (
				D909A58120DAE3E7007BCA07 /* PBXTargetDependency */,
			);
			name = Swiftilities_Tests;
			productName = Tests;
			productReference = 607FACE51AFB9204008FA782 /* Swiftilities_Tests.xctest */;
			productType = "com.apple.product-type.bundle.unit-test";
		};
/* End PBXNativeTarget section */

/* Begin PBXProject section */
		607FACC81AFB9204008FA782 /* Project object */ = {
			isa = PBXProject;
			attributes = {
				LastSwiftUpdateCheck = 0720;
				LastUpgradeCheck = 1020;
				ORGANIZATIONNAME = Raizlabs;
				TargetAttributes = {
					607FACCF1AFB9204008FA782 = {
						CreatedOnToolsVersion = 6.3.1;
						LastSwiftMigration = 1020;
						ProvisioningStyle = Manual;
					};
					607FACE41AFB9204008FA782 = {
						CreatedOnToolsVersion = 6.3.1;
						LastSwiftMigration = 1020;
						ProvisioningStyle = Manual;
					};
				};
			};
			buildConfigurationList = 607FACCB1AFB9204008FA782 /* Build configuration list for PBXProject "Swiftilities" */;
			compatibilityVersion = "Xcode 11.0";
			developmentRegion = en;
			hasScannedForEncodings = 0;
			knownRegions = (
				English,
				en,
				Base,
			);
			mainGroup = 607FACC71AFB9204008FA782;
			productRefGroup = 607FACD11AFB9204008FA782 /* Products */;
			projectDirPath = "";
			projectRoot = "";
			targets = (
				607FACCF1AFB9204008FA782 /* Swiftilities_Example */,
				607FACE41AFB9204008FA782 /* Swiftilities_Tests */,
				521859AA265EF84E00C819D3 /* Swiftilities_Tests_Latest */,
			);
		};
/* End PBXProject section */

/* Begin PBXResourcesBuildPhase section */
		521859B9265EF84E00C819D3 /* Resources */ = {
			isa = PBXResourcesBuildPhase;
			buildActionMask = 2147483647;
			files = (
			);
			runOnlyForDeploymentPostprocessing = 0;
		};
		607FACCE1AFB9204008FA782 /* Resources */ = {
			isa = PBXResourcesBuildPhase;
			buildActionMask = 2147483647;
			files = (
				72D32B801DE3750D00D43933 /* Pods-Swiftilities_Example-acknowledgements.plist in Resources */,
				722099071E5F470D0098229D /* Images.xcassets in Resources */,
				722099061E5F470D0098229D /* LaunchScreen.xib in Resources */,
				722099011E5F46EE0098229D /* Main.storyboard in Resources */,
			);
			runOnlyForDeploymentPostprocessing = 0;
		};
		607FACE31AFB9204008FA782 /* Resources */ = {
			isa = PBXResourcesBuildPhase;
			buildActionMask = 2147483647;
			files = (
			);
			runOnlyForDeploymentPostprocessing = 0;
		};
/* End PBXResourcesBuildPhase section */

/* Begin PBXShellScriptBuildPhase section */
		2012A5ECC4F1E6CFC2C37AA7 /* [CP] Embed Pods Frameworks */ = {
			isa = PBXShellScriptBuildPhase;
			buildActionMask = 2147483647;
			files = (
			);
			inputFileListPaths = (
				"${PODS_ROOT}/Target Support Files/Pods-Swiftilities_Example/Pods-Swiftilities_Example-frameworks-${CONFIGURATION}-input-files.xcfilelist",
			);
			name = "[CP] Embed Pods Frameworks";
			outputFileListPaths = (
				"${PODS_ROOT}/Target Support Files/Pods-Swiftilities_Example/Pods-Swiftilities_Example-frameworks-${CONFIGURATION}-output-files.xcfilelist",
			);
			runOnlyForDeploymentPostprocessing = 0;
			shellPath = /bin/sh;
			shellScript = "\"${PODS_ROOT}/Target Support Files/Pods-Swiftilities_Example/Pods-Swiftilities_Example-frameworks.sh\"\n";
			showEnvVarsInLog = 0;
		};
		521859AD265EF84E00C819D3 /* [CP] Check Pods Manifest.lock */ = {
			isa = PBXShellScriptBuildPhase;
			buildActionMask = 2147483647;
			files = (
			);
			inputPaths = (
				"${PODS_PODFILE_DIR_PATH}/Podfile.lock",
				"${PODS_ROOT}/Manifest.lock",
			);
			name = "[CP] Check Pods Manifest.lock";
			outputPaths = (
				"$(DERIVED_FILE_DIR)/Pods-Swiftilities_Tests-checkManifestLockResult.txt",
			);
			runOnlyForDeploymentPostprocessing = 0;
			shellPath = /bin/sh;
			shellScript = "diff \"${PODS_PODFILE_DIR_PATH}/Podfile.lock\" \"${PODS_ROOT}/Manifest.lock\" > /dev/null\nif [ $? != 0 ] ; then\n    # print error to STDERR\n    echo \"error: The sandbox is not in sync with the Podfile.lock. Run 'pod install' or update your CocoaPods installation.\" >&2\n    exit 1\nfi\n# This output is used by Xcode 'outputs' to avoid re-running this script phase.\necho \"SUCCESS\" > \"${SCRIPT_OUTPUT_FILE_0}\"\n";
			showEnvVarsInLog = 0;
		};
		521859BA265EF84E00C819D3 /* [CP] Embed Pods Frameworks */ = {
			isa = PBXShellScriptBuildPhase;
			buildActionMask = 2147483647;
			files = (
			);
			inputFileListPaths = (
				"${PODS_ROOT}/Target Support Files/Pods-Swiftilities_Tests/Pods-Swiftilities_Tests-frameworks-${CONFIGURATION}-input-files.xcfilelist",
			);
			name = "[CP] Embed Pods Frameworks";
			outputFileListPaths = (
				"${PODS_ROOT}/Target Support Files/Pods-Swiftilities_Tests/Pods-Swiftilities_Tests-frameworks-${CONFIGURATION}-output-files.xcfilelist",
			);
			runOnlyForDeploymentPostprocessing = 0;
			shellPath = /bin/sh;
			shellScript = "\"${PODS_ROOT}/Target Support Files/Pods-Swiftilities_Tests/Pods-Swiftilities_Tests-frameworks.sh\"\n";
			showEnvVarsInLog = 0;
		};
		662F65D4D4E8DC340A9997D2 /* [CP] Check Pods Manifest.lock */ = {
			isa = PBXShellScriptBuildPhase;
			buildActionMask = 2147483647;
			files = (
			);
			inputPaths = (
				"${PODS_PODFILE_DIR_PATH}/Podfile.lock",
				"${PODS_ROOT}/Manifest.lock",
			);
			name = "[CP] Check Pods Manifest.lock";
			outputPaths = (
				"$(DERIVED_FILE_DIR)/Pods-Swiftilities_Example-checkManifestLockResult.txt",
			);
			runOnlyForDeploymentPostprocessing = 0;
			shellPath = /bin/sh;
			shellScript = "diff \"${PODS_PODFILE_DIR_PATH}/Podfile.lock\" \"${PODS_ROOT}/Manifest.lock\" > /dev/null\nif [ $? != 0 ] ; then\n    # print error to STDERR\n    echo \"error: The sandbox is not in sync with the Podfile.lock. Run 'pod install' or update your CocoaPods installation.\" >&2\n    exit 1\nfi\n# This output is used by Xcode 'outputs' to avoid re-running this script phase.\necho \"SUCCESS\" > \"${SCRIPT_OUTPUT_FILE_0}\"\n";
			showEnvVarsInLog = 0;
		};
		6E43FA97294026E15EBA3C62 /* [CP] Embed Pods Frameworks */ = {
			isa = PBXShellScriptBuildPhase;
			buildActionMask = 2147483647;
			files = (
			);
			inputFileListPaths = (
				"${PODS_ROOT}/Target Support Files/Pods-Swiftilities_Tests/Pods-Swiftilities_Tests-frameworks-${CONFIGURATION}-input-files.xcfilelist",
			);
			name = "[CP] Embed Pods Frameworks";
			outputFileListPaths = (
				"${PODS_ROOT}/Target Support Files/Pods-Swiftilities_Tests/Pods-Swiftilities_Tests-frameworks-${CONFIGURATION}-output-files.xcfilelist",
			);
			runOnlyForDeploymentPostprocessing = 0;
			shellPath = /bin/sh;
			shellScript = "\"${PODS_ROOT}/Target Support Files/Pods-Swiftilities_Tests/Pods-Swiftilities_Tests-frameworks.sh\"\n";
			showEnvVarsInLog = 0;
		};
		72B69E871DE4B32900272BC1 /* Swiftlint */ = {
			isa = PBXShellScriptBuildPhase;
			buildActionMask = 2147483647;
			files = (
			);
			inputPaths = (
			);
			name = Swiftlint;
			outputPaths = (
			);
			runOnlyForDeploymentPostprocessing = 0;
			shellPath = /bin/sh;
			shellScript = "cd ..\nif which swiftlint >/dev/null; then\n#swiftlint\necho \"skip\"\nelse\necho \"warning: SwiftLint not installed, download from https://github.com/realm/SwiftLint\"\nfi\n";
		};
		EB9D5FB0A6A6DEC4C215FFB0 /* [CP] Check Pods Manifest.lock */ = {
			isa = PBXShellScriptBuildPhase;
			buildActionMask = 2147483647;
			files = (
			);
			inputPaths = (
				"${PODS_PODFILE_DIR_PATH}/Podfile.lock",
				"${PODS_ROOT}/Manifest.lock",
			);
			name = "[CP] Check Pods Manifest.lock";
			outputPaths = (
				"$(DERIVED_FILE_DIR)/Pods-Swiftilities_Tests-checkManifestLockResult.txt",
			);
			runOnlyForDeploymentPostprocessing = 0;
			shellPath = /bin/sh;
			shellScript = "diff \"${PODS_PODFILE_DIR_PATH}/Podfile.lock\" \"${PODS_ROOT}/Manifest.lock\" > /dev/null\nif [ $? != 0 ] ; then\n    # print error to STDERR\n    echo \"error: The sandbox is not in sync with the Podfile.lock. Run 'pod install' or update your CocoaPods installation.\" >&2\n    exit 1\nfi\n# This output is used by Xcode 'outputs' to avoid re-running this script phase.\necho \"SUCCESS\" > \"${SCRIPT_OUTPUT_FILE_0}\"\n";
			showEnvVarsInLog = 0;
		};
/* End PBXShellScriptBuildPhase section */

/* Begin PBXSourcesBuildPhase section */
		521859AE265EF84E00C819D3 /* Sources */ = {
			isa = PBXSourcesBuildPhase;
			buildActionMask = 2147483647;
			files = (
				521859AF265EF84E00C819D3 /* ValidatorTests.swift in Sources */,
				521859B0265EF84E00C819D3 /* LicenseFormatterTests.swift in Sources */,
				521859B1265EF84E00C819D3 /* TestModel.xcdatamodeld in Sources */,
				521859B2265EF84E00C819D3 /* RootViewControllerTests.swift in Sources */,
				521859B3265EF84E00C819D3 /* TableViewHelperTests.swift in Sources */,
				521859B4265EF84E00C819D3 /* LogTests.swift in Sources */,
				521859B5265EF84E00C819D3 /* MathTests.swift in Sources */,
				521859B6265EF84E00C819D3 /* CoreDataStackTests.swift in Sources */,
			);
			runOnlyForDeploymentPostprocessing = 0;
		};
		607FACCC1AFB9204008FA782 /* Sources */ = {
			isa = PBXSourcesBuildPhase;
			buildActionMask = 2147483647;
			files = (
				726F86F31EB7CAC50075A1F3 /* GradientViewController.swift in Sources */,
				726E5EFD1EDF5D1E00000DEE /* ShapesViewController.swift in Sources */,
				722099151E5F47690098229D /* TextFormattingViewController.swift in Sources */,
				72F94C761E65F67200C6DC13 /* AboutViewController.swift in Sources */,
				722099131E5F47690098229D /* KeyboardAvoidanceViewController.swift in Sources */,
				726E5EFC1EDF5D1E00000DEE /* ButtonsViewController.swift in Sources */,
				722099201E5F706B0098229D /* LogAppearanceBehavior.swift in Sources */,
				7220990A1E5F471F0098229D /* AppDelegate.swift in Sources */,
				0050C1C61EDDA02700665F74 /* LifecycleBehaviorsListViewController.swift in Sources */,
				0050C1C41ED8A68F00665F74 /* NavBarHairlineFadeDemoViewController.swift in Sources */,
				722099141E5F47690098229D /* MainScreenViewController.swift in Sources */,
				722099161E5F47690098229D /* TintedButtonsViewController.swift in Sources */,
				0050C1C21ED889C800665F74 /* NavBarTitleTransitionDemoViewController.swift in Sources */,
			);
			runOnlyForDeploymentPostprocessing = 0;
		};
		607FACE11AFB9204008FA782 /* Sources */ = {
			isa = PBXSourcesBuildPhase;
			buildActionMask = 2147483647;
			files = (
				CD74F57E1E2FC4D3005E59FF /* ValidatorTests.swift in Sources */,
				CDF471541DDFB2EB00D4D5A2 /* LicenseFormatterTests.swift in Sources */,
				2340A5BD1E8CC67A00572417 /* TestModel.xcdatamodeld in Sources */,
				72E281A71E5DDE59000D0C9D /* RootViewControllerTests.swift in Sources */,
				CDCBBA9D1EA7D95D00610F47 /* TableViewHelperTests.swift in Sources */,
				CDF3429E1EA02B5100E6328B /* LogTests.swift in Sources */,
				CD32DE751CEA1ECA00FC0C7E /* MathTests.swift in Sources */,
				D98569CB23E8C54D007EF367 /* CoreDataStackTests.swift in Sources */,
			);
			runOnlyForDeploymentPostprocessing = 0;
		};
/* End PBXSourcesBuildPhase section */

/* Begin PBXTargetDependency section */
		521859AB265EF84E00C819D3 /* PBXTargetDependency */ = {
			isa = PBXTargetDependency;
			target = 607FACCF1AFB9204008FA782 /* Swiftilities_Example */;
			targetProxy = 521859AC265EF84E00C819D3 /* PBXContainerItemProxy */;
		};
		D909A58120DAE3E7007BCA07 /* PBXTargetDependency */ = {
			isa = PBXTargetDependency;
			target = 607FACCF1AFB9204008FA782 /* Swiftilities_Example */;
			targetProxy = D909A58020DAE3E7007BCA07 /* PBXContainerItemProxy */;
		};
/* End PBXTargetDependency section */

/* Begin PBXVariantGroup section */
		722098FF1E5F46EE0098229D /* Main.storyboard */ = {
			isa = PBXVariantGroup;
			children = (
				722099001E5F46EE0098229D /* Base */,
			);
			name = Main.storyboard;
			sourceTree = "<group>";
		};
		722099031E5F470D0098229D /* LaunchScreen.xib */ = {
			isa = PBXVariantGroup;
			children = (
				722099041E5F470D0098229D /* Base */,
			);
			name = LaunchScreen.xib;
			sourceTree = "<group>";
		};
/* End PBXVariantGroup section */

/* Begin XCBuildConfiguration section */
		521859BC265EF84E00C819D3 /* Debug */ = {
			isa = XCBuildConfiguration;
			baseConfigurationReference = 3ED95507725D28046957F181 /* Pods-Swiftilities_Tests.debug.xcconfig */;
			buildSettings = {
				ALWAYS_EMBED_SWIFT_STANDARD_LIBRARIES = "$(inherited)";
				CODE_SIGN_STYLE = Manual;
				DEVELOPMENT_TEAM = "";
				GCC_PREPROCESSOR_DEFINITIONS = (
					"DEBUG=1",
					"$(inherited)",
				);
				INFOPLIST_FILE = Tests/Info.plist;
				IPHONEOS_DEPLOYMENT_TARGET = 14.4;
				LD_RUNPATH_SEARCH_PATHS = (
					"$(inherited)",
					"@executable_path/Frameworks",
					"@loader_path/Frameworks",
				);
				PRODUCT_BUNDLE_IDENTIFIER = "org.cocoapods.$(PRODUCT_NAME:rfc1034identifier)";
				PRODUCT_NAME = "$(TARGET_NAME)";
				PROVISIONING_PROFILE_SPECIFIER = "";
				SWIFT_VERSION = 5.0;
			};
			name = Debug;
		};
		521859BD265EF84E00C819D3 /* Release */ = {
			isa = XCBuildConfiguration;
			baseConfigurationReference = 7396494F9BA8221A6823B9D4 /* Pods-Swiftilities_Tests.release.xcconfig */;
			buildSettings = {
				ALWAYS_EMBED_SWIFT_STANDARD_LIBRARIES = "$(inherited)";
				CODE_SIGN_STYLE = Manual;
				DEVELOPMENT_TEAM = "";
				INFOPLIST_FILE = Tests/Info.plist;
				IPHONEOS_DEPLOYMENT_TARGET = 14.4;
				LD_RUNPATH_SEARCH_PATHS = (
					"$(inherited)",
					"@executable_path/Frameworks",
					"@loader_path/Frameworks",
				);
				PRODUCT_BUNDLE_IDENTIFIER = "org.cocoapods.$(PRODUCT_NAME:rfc1034identifier)";
				PRODUCT_NAME = "$(TARGET_NAME)";
				PROVISIONING_PROFILE_SPECIFIER = "";
				SWIFT_VERSION = 5.0;
			};
			name = Release;
		};
		607FACED1AFB9204008FA782 /* Debug */ = {
			isa = XCBuildConfiguration;
			buildSettings = {
				ALWAYS_SEARCH_USER_PATHS = NO;
				CLANG_ANALYZER_LOCALIZABILITY_NONLOCALIZED = YES;
				CLANG_CXX_LANGUAGE_STANDARD = "gnu++0x";
				CLANG_CXX_LIBRARY = "libc++";
				CLANG_ENABLE_MODULES = YES;
				CLANG_ENABLE_OBJC_ARC = YES;
				CLANG_WARN_BLOCK_CAPTURE_AUTORELEASING = YES;
				CLANG_WARN_BOOL_CONVERSION = YES;
				CLANG_WARN_COMMA = YES;
				CLANG_WARN_CONSTANT_CONVERSION = YES;
				CLANG_WARN_DEPRECATED_OBJC_IMPLEMENTATIONS = YES;
				CLANG_WARN_DIRECT_OBJC_ISA_USAGE = YES_ERROR;
				CLANG_WARN_EMPTY_BODY = YES;
				CLANG_WARN_ENUM_CONVERSION = YES;
				CLANG_WARN_INFINITE_RECURSION = YES;
				CLANG_WARN_INT_CONVERSION = YES;
				CLANG_WARN_NON_LITERAL_NULL_CONVERSION = YES;
				CLANG_WARN_OBJC_IMPLICIT_RETAIN_SELF = YES;
				CLANG_WARN_OBJC_LITERAL_CONVERSION = YES;
				CLANG_WARN_OBJC_ROOT_CLASS = YES_ERROR;
				CLANG_WARN_RANGE_LOOP_ANALYSIS = YES;
				CLANG_WARN_STRICT_PROTOTYPES = YES;
				CLANG_WARN_SUSPICIOUS_MOVE = YES;
				CLANG_WARN_UNREACHABLE_CODE = YES;
				CLANG_WARN__DUPLICATE_METHOD_MATCH = YES;
				"CODE_SIGN_IDENTITY[sdk=iphoneos*]" = "iPhone Developer";
				COPY_PHASE_STRIP = NO;
				DEBUG_INFORMATION_FORMAT = "dwarf-with-dsym";
				ENABLE_STRICT_OBJC_MSGSEND = YES;
				ENABLE_TESTABILITY = YES;
				GCC_C_LANGUAGE_STANDARD = gnu99;
				GCC_DYNAMIC_NO_PIC = NO;
				GCC_NO_COMMON_BLOCKS = YES;
				GCC_OPTIMIZATION_LEVEL = 0;
				GCC_PREPROCESSOR_DEFINITIONS = (
					"DEBUG=1",
					"$(inherited)",
				);
				GCC_SYMBOLS_PRIVATE_EXTERN = NO;
				GCC_WARN_64_TO_32_BIT_CONVERSION = YES;
				GCC_WARN_ABOUT_RETURN_TYPE = YES_ERROR;
				GCC_WARN_UNDECLARED_SELECTOR = YES;
				GCC_WARN_UNINITIALIZED_AUTOS = YES_AGGRESSIVE;
				GCC_WARN_UNUSED_FUNCTION = YES;
				GCC_WARN_UNUSED_VARIABLE = YES;
				IPHONEOS_DEPLOYMENT_TARGET = 9.0;
				MTL_ENABLE_DEBUG_INFO = YES;
				ONLY_ACTIVE_ARCH = YES;
				SDKROOT = iphoneos;
				SWIFT_OPTIMIZATION_LEVEL = "-Onone";
				SWIFT_VERSION = 4.2;
			};
			name = Debug;
		};
		607FACEE1AFB9204008FA782 /* Release */ = {
			isa = XCBuildConfiguration;
			buildSettings = {
				ALWAYS_SEARCH_USER_PATHS = NO;
				CLANG_ANALYZER_LOCALIZABILITY_NONLOCALIZED = YES;
				CLANG_CXX_LANGUAGE_STANDARD = "gnu++0x";
				CLANG_CXX_LIBRARY = "libc++";
				CLANG_ENABLE_MODULES = YES;
				CLANG_ENABLE_OBJC_ARC = YES;
				CLANG_WARN_BLOCK_CAPTURE_AUTORELEASING = YES;
				CLANG_WARN_BOOL_CONVERSION = YES;
				CLANG_WARN_COMMA = YES;
				CLANG_WARN_CONSTANT_CONVERSION = YES;
				CLANG_WARN_DEPRECATED_OBJC_IMPLEMENTATIONS = YES;
				CLANG_WARN_DIRECT_OBJC_ISA_USAGE = YES_ERROR;
				CLANG_WARN_EMPTY_BODY = YES;
				CLANG_WARN_ENUM_CONVERSION = YES;
				CLANG_WARN_INFINITE_RECURSION = YES;
				CLANG_WARN_INT_CONVERSION = YES;
				CLANG_WARN_NON_LITERAL_NULL_CONVERSION = YES;
				CLANG_WARN_OBJC_IMPLICIT_RETAIN_SELF = YES;
				CLANG_WARN_OBJC_LITERAL_CONVERSION = YES;
				CLANG_WARN_OBJC_ROOT_CLASS = YES_ERROR;
				CLANG_WARN_RANGE_LOOP_ANALYSIS = YES;
				CLANG_WARN_STRICT_PROTOTYPES = YES;
				CLANG_WARN_SUSPICIOUS_MOVE = YES;
				CLANG_WARN_UNREACHABLE_CODE = YES;
				CLANG_WARN__DUPLICATE_METHOD_MATCH = YES;
				"CODE_SIGN_IDENTITY[sdk=iphoneos*]" = "iPhone Developer";
				COPY_PHASE_STRIP = NO;
				DEBUG_INFORMATION_FORMAT = "dwarf-with-dsym";
				ENABLE_NS_ASSERTIONS = NO;
				ENABLE_STRICT_OBJC_MSGSEND = YES;
				GCC_C_LANGUAGE_STANDARD = gnu99;
				GCC_NO_COMMON_BLOCKS = YES;
				GCC_WARN_64_TO_32_BIT_CONVERSION = YES;
				GCC_WARN_ABOUT_RETURN_TYPE = YES_ERROR;
				GCC_WARN_UNDECLARED_SELECTOR = YES;
				GCC_WARN_UNINITIALIZED_AUTOS = YES_AGGRESSIVE;
				GCC_WARN_UNUSED_FUNCTION = YES;
				GCC_WARN_UNUSED_VARIABLE = YES;
				IPHONEOS_DEPLOYMENT_TARGET = 9.0;
				MTL_ENABLE_DEBUG_INFO = NO;
				SDKROOT = iphoneos;
				SWIFT_COMPILATION_MODE = wholemodule;
				SWIFT_OPTIMIZATION_LEVEL = "-O";
				SWIFT_VERSION = 4.2;
				VALIDATE_PRODUCT = YES;
			};
			name = Release;
		};
		607FACF01AFB9204008FA782 /* Debug */ = {
			isa = XCBuildConfiguration;
			baseConfigurationReference = 924C5184A5C0F6DB0F5D4FBA /* Pods-Swiftilities_Example.debug.xcconfig */;
			buildSettings = {
				ALWAYS_EMBED_SWIFT_STANDARD_LIBRARIES = "$(inherited)";
				ASSETCATALOG_COMPILER_APPICON_NAME = AppIcon;
				CODE_SIGN_STYLE = Manual;
				INFOPLIST_FILE = Swiftilities/Info.plist;
				LD_RUNPATH_SEARCH_PATHS = (
					"$(inherited)",
					"@executable_path/Frameworks",
				);
				MODULE_NAME = ExampleApp;
				PRODUCT_BUNDLE_IDENTIFIER = "org.cocoapods.demo.$(PRODUCT_NAME:rfc1034identifier)";
				PRODUCT_NAME = "$(TARGET_NAME)";
				PROVISIONING_PROFILE_SPECIFIER = "iOS Development";
				SWIFT_VERSION = 5.0;
			};
			name = Debug;
		};
		607FACF11AFB9204008FA782 /* Release */ = {
			isa = XCBuildConfiguration;
			baseConfigurationReference = 976D290FB4A827B6C10F7501 /* Pods-Swiftilities_Example.release.xcconfig */;
			buildSettings = {
				ALWAYS_EMBED_SWIFT_STANDARD_LIBRARIES = "$(inherited)";
				ASSETCATALOG_COMPILER_APPICON_NAME = AppIcon;
				CODE_SIGN_STYLE = Manual;
				DEVELOPMENT_TEAM = "";
				INFOPLIST_FILE = Swiftilities/Info.plist;
				LD_RUNPATH_SEARCH_PATHS = (
					"$(inherited)",
					"@executable_path/Frameworks",
				);
				MODULE_NAME = ExampleApp;
				PRODUCT_BUNDLE_IDENTIFIER = "org.cocoapods.demo.$(PRODUCT_NAME:rfc1034identifier)";
				PRODUCT_NAME = "$(TARGET_NAME)";
				PROVISIONING_PROFILE_SPECIFIER = "";
				SWIFT_VERSION = 5.0;
			};
			name = Release;
		};
		607FACF31AFB9204008FA782 /* Debug */ = {
			isa = XCBuildConfiguration;
			baseConfigurationReference = 3ED95507725D28046957F181 /* Pods-Swiftilities_Tests.debug.xcconfig */;
			buildSettings = {
				ALWAYS_EMBED_SWIFT_STANDARD_LIBRARIES = "$(inherited)";
				CODE_SIGN_STYLE = Manual;
				DEVELOPMENT_TEAM = "";
				GCC_PREPROCESSOR_DEFINITIONS = (
					"DEBUG=1",
					"$(inherited)",
				);
				INFOPLIST_FILE = Tests/Info.plist;
				LD_RUNPATH_SEARCH_PATHS = (
					"$(inherited)",
					"@executable_path/Frameworks",
					"@loader_path/Frameworks",
				);
				PRODUCT_BUNDLE_IDENTIFIER = "org.cocoapods.$(PRODUCT_NAME:rfc1034identifier)";
				PRODUCT_NAME = "$(TARGET_NAME)";
				PROVISIONING_PROFILE_SPECIFIER = "";
				SWIFT_VERSION = 5.0;
			};
			name = Debug;
		};
		607FACF41AFB9204008FA782 /* Release */ = {
			isa = XCBuildConfiguration;
			baseConfigurationReference = 7396494F9BA8221A6823B9D4 /* Pods-Swiftilities_Tests.release.xcconfig */;
			buildSettings = {
				ALWAYS_EMBED_SWIFT_STANDARD_LIBRARIES = "$(inherited)";
				CODE_SIGN_STYLE = Manual;
				DEVELOPMENT_TEAM = "";
				INFOPLIST_FILE = Tests/Info.plist;
				LD_RUNPATH_SEARCH_PATHS = (
					"$(inherited)",
					"@executable_path/Frameworks",
					"@loader_path/Frameworks",
				);
				PRODUCT_BUNDLE_IDENTIFIER = "org.cocoapods.$(PRODUCT_NAME:rfc1034identifier)";
				PRODUCT_NAME = "$(TARGET_NAME)";
				PROVISIONING_PROFILE_SPECIFIER = "";
				SWIFT_VERSION = 5.0;
			};
			name = Release;
		};
/* End XCBuildConfiguration section */

/* Begin XCConfigurationList section */
		521859BB265EF84E00C819D3 /* Build configuration list for PBXNativeTarget "Swiftilities_Tests_Latest" */ = {
			isa = XCConfigurationList;
			buildConfigurations = (
				521859BC265EF84E00C819D3 /* Debug */,
				521859BD265EF84E00C819D3 /* Release */,
			);
			defaultConfigurationIsVisible = 0;
			defaultConfigurationName = Release;
		};
		607FACCB1AFB9204008FA782 /* Build configuration list for PBXProject "Swiftilities" */ = {
			isa = XCConfigurationList;
			buildConfigurations = (
				607FACED1AFB9204008FA782 /* Debug */,
				607FACEE1AFB9204008FA782 /* Release */,
			);
			defaultConfigurationIsVisible = 0;
			defaultConfigurationName = Release;
		};
		607FACEF1AFB9204008FA782 /* Build configuration list for PBXNativeTarget "Swiftilities_Example" */ = {
			isa = XCConfigurationList;
			buildConfigurations = (
				607FACF01AFB9204008FA782 /* Debug */,
				607FACF11AFB9204008FA782 /* Release */,
			);
			defaultConfigurationIsVisible = 0;
			defaultConfigurationName = Release;
		};
		607FACF21AFB9204008FA782 /* Build configuration list for PBXNativeTarget "Swiftilities_Tests" */ = {
			isa = XCConfigurationList;
			buildConfigurations = (
				607FACF31AFB9204008FA782 /* Debug */,
				607FACF41AFB9204008FA782 /* Release */,
			);
			defaultConfigurationIsVisible = 0;
			defaultConfigurationName = Release;
		};
/* End XCConfigurationList section */

/* Begin XCVersionGroup section */
		2340A5BA1E8CC3B500572417 /* TestModel.xcdatamodeld */ = {
			isa = XCVersionGroup;
			children = (
				2340A5BB1E8CC3B500572417 /* TestModel.xcdatamodel */,
			);
			currentVersion = 2340A5BB1E8CC3B500572417 /* TestModel.xcdatamodel */;
			name = TestModel.xcdatamodeld;
			path = ../Swiftilities/SupportingFiles/TestModel.xcdatamodeld;
			sourceTree = "<group>";
			versionGroupType = wrapper.xcdatamodel;
		};
/* End XCVersionGroup section */
	};
	rootObject = 607FACC81AFB9204008FA782 /* Project object */;
}
